
Microsoft Visual Studio Solution File, Format Version 12.00
# Visual Studio Version 16
VisualStudioVersion = 16.0.29924.181
MinimumVisualStudioVersion = 10.0.40219.1
Project("{9A19103F-16F7-4668-BE54-9A1E7A4F7556}") = "StackX", "src\StackX\StackX.csproj", "{7C0EE1D1-F5BE-48FF-95B6-8857510CD09A}"
EndProject
Project("{2150E333-8FDC-42A3-9474-1A3956D46DE8}") = "build", "build", "{817D5CFA-2F90-4D90-8494-E9C18A995697}"
	ProjectSection(SolutionItems) = preProject
		stackx.props = stackx.props
		version.props = version.props
		NuGet.config = NuGet.config
		GitVersion.yml = GitVersion.yml
	EndProjectSection
EndProject
Project("{2150E333-8FDC-42A3-9474-1A3956D46DE8}") = "Solution Items", "Solution Items", "{D4FB5161-AE5D-48C5-BF12-04CEC8613C62}"
	ProjectSection(SolutionItems) = preProject
		src\.editorconfig = src\.editorconfig
		global.json = global.json
		.gitignore = .gitignore
	EndProjectSection
EndProject
Project("{9A19103F-16F7-4668-BE54-9A1E7A4F7556}") = "StackX.Tests", "tests\StackX.Tests\StackX.Tests.csproj", "{DA90BA77-7B75-4C6B-A5ED-DBE0CBA25861}"
EndProject
Project("{9A19103F-16F7-4668-BE54-9A1E7A4F7556}") = "_build", "build\_build.csproj", "{2482C24E-284F-46F3-A408-1FD4A4BDB6F2}"
EndProject
Project("{FAE04EC0-301F-11D3-BF4B-00C04F79EFBC}") = "StackX.ServiceModel", "src\StackX.ServiceModel\StackX.ServiceModel.csproj", "{7D1AC13F-3524-4A48-BBBA-D3CA70F07FA6}"
EndProject
Project("{FAE04EC0-301F-11D3-BF4B-00C04F79EFBC}") = "StackX.TestSelfHost", "src\StackX.TestSelfHost\StackX.TestSelfHost.csproj", "{5B0224FB-7371-4AD7-8A40-3133A6E66DC7}"
EndProject
Project("{FAE04EC0-301F-11D3-BF4B-00C04F79EFBC}") = "StackX.Common", "src\StackX.Common\StackX.Common.csproj", "{FDA611C7-9D04-496E-9120-A45D0BD7F9DA}"
EndProject
Global
	GlobalSection(SolutionConfigurationPlatforms) = preSolution
		Debug|Any CPU = Debug|Any CPU
		Release|Any CPU = Release|Any CPU
	EndGlobalSection
	GlobalSection(ProjectConfigurationPlatforms) = postSolution
		{2482C24E-284F-46F3-A408-1FD4A4BDB6F2}.Debug|Any CPU.ActiveCfg = Debug|Any CPU
		{2482C24E-284F-46F3-A408-1FD4A4BDB6F2}.Release|Any CPU.ActiveCfg = Release|Any CPU
		{7C0EE1D1-F5BE-48FF-95B6-8857510CD09A}.Debug|Any CPU.ActiveCfg = Debug|Any CPU
		{7C0EE1D1-F5BE-48FF-95B6-8857510CD09A}.Debug|Any CPU.Build.0 = Debug|Any CPU
		{7C0EE1D1-F5BE-48FF-95B6-8857510CD09A}.Release|Any CPU.ActiveCfg = Release|Any CPU
		{7C0EE1D1-F5BE-48FF-95B6-8857510CD09A}.Release|Any CPU.Build.0 = Release|Any CPU
		{DA90BA77-7B75-4C6B-A5ED-DBE0CBA25861}.Debug|Any CPU.ActiveCfg = Debug|Any CPU
		{DA90BA77-7B75-4C6B-A5ED-DBE0CBA25861}.Debug|Any CPU.Build.0 = Debug|Any CPU
		{DA90BA77-7B75-4C6B-A5ED-DBE0CBA25861}.Release|Any CPU.ActiveCfg = Release|Any CPU
		{DA90BA77-7B75-4C6B-A5ED-DBE0CBA25861}.Release|Any CPU.Build.0 = Release|Any CPU
		{7D1AC13F-3524-4A48-BBBA-D3CA70F07FA6}.Debug|Any CPU.ActiveCfg = Debug|Any CPU
		{7D1AC13F-3524-4A48-BBBA-D3CA70F07FA6}.Debug|Any CPU.Build.0 = Debug|Any CPU
		{7D1AC13F-3524-4A48-BBBA-D3CA70F07FA6}.Release|Any CPU.ActiveCfg = Release|Any CPU
		{7D1AC13F-3524-4A48-BBBA-D3CA70F07FA6}.Release|Any CPU.Build.0 = Release|Any CPU
		{5B0224FB-7371-4AD7-8A40-3133A6E66DC7}.Debug|Any CPU.ActiveCfg = Debug|Any CPU
		{5B0224FB-7371-4AD7-8A40-3133A6E66DC7}.Debug|Any CPU.Build.0 = Debug|Any CPU
		{5B0224FB-7371-4AD7-8A40-3133A6E66DC7}.Release|Any CPU.ActiveCfg = Release|Any CPU
		{5B0224FB-7371-4AD7-8A40-3133A6E66DC7}.Release|Any CPU.Build.0 = Release|Any CPU
		{FDA611C7-9D04-496E-9120-A45D0BD7F9DA}.Debug|Any CPU.ActiveCfg = Debug|Any CPU
		{FDA611C7-9D04-496E-9120-A45D0BD7F9DA}.Debug|Any CPU.Build.0 = Debug|Any CPU
		{FDA611C7-9D04-496E-9120-A45D0BD7F9DA}.Release|Any CPU.ActiveCfg = Release|Any CPU
		{FDA611C7-9D04-496E-9120-A45D0BD7F9DA}.Release|Any CPU.Build.0 = Release|Any CPU
	EndGlobalSection
	GlobalSection(SolutionProperties) = preSolution
		HideSolutionNode = FALSE
	EndGlobalSection
	GlobalSection(NestedProjects) = preSolution
	EndGlobalSection
	GlobalSection(ExtensibilityGlobals) = postSolution
		SolutionGuid = {07FE61F2-54C8-4DB8-BF92-50120A396F1F}
	EndGlobalSection
EndGlobal
